
Microsoft Visual Studio Solution File, Format Version 12.00
# Visual Studio Version 17
VisualStudioVersion = 17.6.33829.357
MinimumVisualStudioVersion = 10.0.40219.1
Project("{FAE04EC0-301F-11D3-BF4B-00C04F79EFBC}") = "FullCalenderApp", "FullCalenderApp.csproj", "{81870B82-FA74-4AA1-A557-E6BEB07C20E6}"
EndProject
Global
	GlobalSection(SolutionConfigurationPlatforms) = preSolution
		Debug|Any CPU = Debug|Any CPU
		Release|Any CPU = Release|Any CPU
	EndGlobalSection
	GlobalSection(ProjectConfigurationPlatforms) = postSolution
		{81870B82-FA74-4AA1-A557-E6BEB07C20E6}.Debug|Any CPU.ActiveCfg = Debug|Any CPU
		{81870B82-FA74-4AA1-A557-E6BEB07C20E6}.Debug|Any CPU.Build.0 = Debug|Any CPU
		{81870B82-FA74-4AA1-A557-E6BEB07C20E6}.Release|Any CPU.ActiveCfg = Release|Any CPU
		{81870B82-FA74-4AA1-A557-E6BEB07C20E6}.Release|Any CPU.Build.0 = Release|Any CPU
	EndGlobalSection
	GlobalSection(SolutionProperties) = preSolution
		HideSolutionNode = FALSE
	EndGlobalSection
	GlobalSection(ExtensibilityGlobals) = postSolution
		SolutionGuid = {3CBACF66-969D-4265-80BD-310CAB094DA1}
	EndGlobalSection
EndGlobal
